{
    "version": 3,
    "terraform_version": "0.11.13",
    "serial": 4,
    "lineage": "80adb410-d43c-4bbe-f9a0-2c2e421ebfa1",
    "modules": [
        {
            "path": [
                "root"
            ],
            "outputs": {},
            "resources": {
                "data.google_container_engine_versions.region": {
                    "type": "google_container_engine_versions",
                    "depends_on": [],
                    "primary": {
                        "id": "2019-05-04 01:24:54.932677591 +0000 UTC",
                        "attributes": {
                            "id": "2019-05-04 01:24:54.932677591 +0000 UTC",
                            "latest_master_version": "1.12.7-gke.10",
                            "latest_node_version": "1.12.7-gke.10",
                            "valid_master_versions.#": "5",
                            "valid_master_versions.0": "1.12.7-gke.10",
                            "valid_master_versions.1": "1.12.6-gke.11",
                            "valid_master_versions.2": "1.12.6-gke.10",
                            "valid_master_versions.3": "1.11.9-gke.8",
                            "valid_master_versions.4": "1.11.8-gke.6",
                            "valid_node_versions.#": "92",
                            "valid_node_versions.0": "1.12.7-gke.10",
                            "valid_node_versions.1": "1.12.7-gke.7",
                            "valid_node_versions.10": "1.11.8-gke.5",
                            "valid_node_versions.11": "1.11.8-gke.4",
                            "valid_node_versions.12": "1.11.7-gke.18",
                            "valid_node_versions.13": "1.11.7-gke.12",
                            "valid_node_versions.14": "1.11.7-gke.6",
                            "valid_node_versions.15": "1.11.7-gke.4",
                            "valid_node_versions.16": "1.11.6-gke.16",
                            "valid_node_versions.17": "1.11.6-gke.11",
                            "valid_node_versions.18": "1.11.6-gke.6",
                            "valid_node_versions.19": "1.11.6-gke.3",
                            "valid_node_versions.2": "1.12.6-gke.11",
                            "valid_node_versions.20": "1.11.6-gke.2",
                            "valid_node_versions.21": "1.11.6-gke.0",
                            "valid_node_versions.22": "1.11.5-gke.5",
                            "valid_node_versions.23": "1.11.5-gke.4",
                            "valid_node_versions.24": "1.11.4-gke.13",
                            "valid_node_versions.25": "1.11.4-gke.12",
                            "valid_node_versions.26": "1.11.4-gke.8",
                            "valid_node_versions.27": "1.11.3-gke.24",
                            "valid_node_versions.28": "1.11.3-gke.23",
                            "valid_node_versions.29": "1.11.3-gke.18",
                            "valid_node_versions.3": "1.12.6-gke.10",
                            "valid_node_versions.30": "1.11.2-gke.26",
                            "valid_node_versions.31": "1.11.2-gke.25",
                            "valid_node_versions.32": "1.11.2-gke.20",
                            "valid_node_versions.33": "1.11.2-gke.18",
                            "valid_node_versions.34": "1.11.2-gke.15",
                            "valid_node_versions.35": "1.11.2-gke.9",
                            "valid_node_versions.36": "1.10.12-gke.14",
                            "valid_node_versions.37": "1.10.12-gke.9",
                            "valid_node_versions.38": "1.10.12-gke.7",
                            "valid_node_versions.39": "1.10.12-gke.1",
                            "valid_node_versions.4": "1.12.6-gke.7",
                            "valid_node_versions.40": "1.10.12-gke.0",
                            "valid_node_versions.41": "1.10.11-gke.1",
                            "valid_node_versions.42": "1.10.9-gke.7",
                            "valid_node_versions.43": "1.10.9-gke.5",
                            "valid_node_versions.44": "1.10.9-gke.3",
                            "valid_node_versions.45": "1.10.9-gke.0",
                            "valid_node_versions.46": "1.10.7-gke.13",
                            "valid_node_versions.47": "1.10.7-gke.11",
                            "valid_node_versions.48": "1.10.7-gke.9",
                            "valid_node_versions.49": "1.10.7-gke.6",
                            "valid_node_versions.5": "1.12.5-gke.10",
                            "valid_node_versions.50": "1.10.7-gke.2",
                            "valid_node_versions.51": "1.10.7-gke.1",
                            "valid_node_versions.52": "1.10.6-gke.13",
                            "valid_node_versions.53": "1.10.6-gke.11",
                            "valid_node_versions.54": "1.10.6-gke.9",
                            "valid_node_versions.55": "1.10.6-gke.6",
                            "valid_node_versions.56": "1.10.6-gke.4",
                            "valid_node_versions.57": "1.10.6-gke.3",
                            "valid_node_versions.58": "1.10.6-gke.2",
                            "valid_node_versions.59": "1.10.6-gke.1",
                            "valid_node_versions.6": "1.12.5-gke.5",
                            "valid_node_versions.60": "1.10.5-gke.4",
                            "valid_node_versions.61": "1.10.5-gke.3",
                            "valid_node_versions.62": "1.10.5-gke.2",
                            "valid_node_versions.63": "1.10.5-gke.0",
                            "valid_node_versions.64": "1.10.4-gke.3",
                            "valid_node_versions.65": "1.10.4-gke.2",
                            "valid_node_versions.66": "1.10.4-gke.0",
                            "valid_node_versions.67": "1.10.2-gke.4",
                            "valid_node_versions.68": "1.10.2-gke.3",
                            "valid_node_versions.69": "1.10.2-gke.1",
                            "valid_node_versions.7": "1.11.9-gke.8",
                            "valid_node_versions.70": "1.9.7-gke.11",
                            "valid_node_versions.71": "1.9.7-gke.7",
                            "valid_node_versions.72": "1.9.7-gke.6",
                            "valid_node_versions.73": "1.9.7-gke.5",
                            "valid_node_versions.74": "1.9.7-gke.4",
                            "valid_node_versions.75": "1.9.7-gke.3",
                            "valid_node_versions.76": "1.9.7-gke.1",
                            "valid_node_versions.77": "1.9.7-gke.0",
                            "valid_node_versions.78": "1.9.6-gke.2",
                            "valid_node_versions.79": "1.9.6-gke.1",
                            "valid_node_versions.8": "1.11.9-gke.5",
                            "valid_node_versions.80": "1.9.3-gke.0",
                            "valid_node_versions.81": "1.8.12-gke.3",
                            "valid_node_versions.82": "1.8.12-gke.2",
                            "valid_node_versions.83": "1.8.12-gke.1",
                            "valid_node_versions.84": "1.8.12-gke.0",
                            "valid_node_versions.85": "1.8.10-gke.2",
                            "valid_node_versions.86": "1.8.10-gke.0",
                            "valid_node_versions.87": "1.8.9-gke.1",
                            "valid_node_versions.88": "1.8.8-gke.0",
                            "valid_node_versions.89": "1.7.15-gke.0",
                            "valid_node_versions.9": "1.11.8-gke.6",
                            "valid_node_versions.90": "1.7.12-gke.2",
                            "valid_node_versions.91": "1.6.13-gke.1",
                            "zone": "us-east1-d"
                        },
                        "meta": {},
                        "tainted": false
                    },
                    "deposed": [],
                    "provider": "provider.google"
                },
                "google_compute_firewall.firewall": {
                    "type": "google_compute_firewall",
                    "depends_on": [
                        "google_compute_network.vpc",
                        "local.resource_tag"
                    ],
                    "primary": {
                        "id": "api-playground-port-range",
                        "attributes": {
                            "allow.#": "1",
                            "allow.2924930158.ports.#": "1",
                            "allow.2924930158.ports.0": "30100",
                            "allow.2924930158.protocol": "tcp",
                            "deny.#": "0",
                            "description": "",
                            "destination_ranges.#": "0",
                            "id": "api-playground-port-range",
                            "name": "api-playground-port-range",
                            "network": "https://www.googleapis.com/compute/v1/projects/api-playground-238304/global/networks/api-playground-vpc",
                            "priority": "1000",
                            "project": "api-playground-238304",
                            "self_link": "https://www.googleapis.com/compute/v1/projects/api-playground-238304/global/firewalls/api-playground-port-range",
                            "source_ranges.#": "1",
                            "source_ranges.1080289494": "0.0.0.0/0",
                            "source_service_accounts.#": "0",
                            "source_tags.#": "0",
                            "target_service_accounts.#": "0",
                            "target_tags.#": "1",
                            "target_tags.3187416939": "api-playground"
                        },
                        "meta": {
                            "schema_version": "1"
                        },
                        "tainted": false
                    },
                    "deposed": [],
                    "provider": "provider.google"
                },
                "google_compute_network.vpc": {
                    "type": "google_compute_network",
                    "depends_on": [
                        "local.vpc_name"
                    ],
                    "primary": {
                        "id": "api-playground-vpc",
                        "attributes": {
                            "auto_create_subnetworks": "true",
                            "gateway_ipv4": "",
                            "id": "api-playground-vpc",
                            "ipv4_range": "",
                            "name": "api-playground-vpc",
                            "project": "api-playground-238304",
                            "self_link": "https://www.googleapis.com/compute/v1/projects/api-playground-238304/global/networks/api-playground-vpc"
                        },
                        "meta": {},
                        "tainted": false
                    },
                    "deposed": [],
                    "provider": "provider.google"
                },
                "google_container_cluster.primary": {
                    "type": "google_container_cluster",
                    "depends_on": [
                        "data.google_container_engine_versions.region",
                        "google_compute_network.vpc",
                        "local.cluster_name",
                        "local.resource_tag",
                        "local.vpc_name"
                    ],
                    "primary": {
                        "id": "api-playground-cluster",
                        "attributes": {
                            "additional_zones.#": "0",
                            "addons_config.#": "1",
                            "addons_config.0.horizontal_pod_autoscaling.#": "0",
                            "addons_config.0.http_load_balancing.#": "0",
                            "addons_config.0.kubernetes_dashboard.#": "1",
                            "addons_config.0.kubernetes_dashboard.0.disabled": "true",
                            "cluster_ipv4_cidr": "10.40.0.0/14",
                            "description": "",
                            "enable_kubernetes_alpha": "false",
                            "enable_legacy_abac": "true",
                            "endpoint": "35.196.121.51",
                            "id": "api-playground-cluster",
                            "initial_node_count": "1",
                            "instance_group_urls.#": "1",
                            "instance_group_urls.0": "https://www.googleapis.com/compute/v1/projects/api-playground-238304/zones/us-east1-d/instanceGroups/gke-api-playground-clust-default-pool-12df514c-grp",
                            "logging_service": "logging.googleapis.com",
                            "master_auth.#": "1",
                            "master_auth.0.client_certificate": "",
                            "master_auth.0.client_key": "",
                            "master_auth.0.cluster_ca_certificate": "LS0tLS1CRUdJTiBDRVJUSUZJQ0FURS0tLS0tCk1JSURDekNDQWZPZ0F3SUJBZ0lRUG5BbXlDZnJ4dzllcWIxWCtNZlFyekFOQmdrcWhraUc5dzBCQVFzRkFEQXYKTVMwd0t3WURWUVFERXlReFpHUmtaR001T1MwM056SXdMVFEwWm1NdFlUZGlZUzB3WlROak9USmpNMll6WkdRdwpIaGNOTVRrd05UQTBNREF5TWpFMFdoY05NalF3TlRBeU1ERXlNakUwV2pBdk1TMHdLd1lEVlFRREV5UXhaR1JrClpHTTVPUzAzTnpJd0xUUTBabU10WVRkaVlTMHdaVE5qT1RKak0yWXpaR1F3Z2dFaU1BMEdDU3FHU0liM0RRRUIKQVFVQUE0SUJEd0F3Z2dFS0FvSUJBUUNqempyb0diVmh5amV0M1JqcDAxZ1dmTXlOS2pJSS9SclNGZ2RrR0NNWQptdVhZeXRKTzA2R1o5MnM0LzFzZElFdUZaTWxuTllGOWU2OVlkK3FJVFAyR2RwRmdibGJiYUhKaDdrcFVsRnFKCk1JSjhLNFpTaS83VkZiZFcxVUVOdFNlVTNTQzd6Y0pqQjRiV1NGTkkzQ0VLQ2Jaa2IwbGtpYWVkaFRuajRQSXcKeWF0aDZwT3dFb2xwY01EQ25rbjJqRW1oSTFDOU00TWFFRGpiSUdodmtWb2NpQmdrTkVMbCszRXhsRmltUXFkQgpScml1djdiamVUWnhGWjhnNU5EYmhLeGZZRmxyNUlLa3RvZ2ViNXA5VlFzaFZXc2N3TnREeENoRWhlSk5pRzNXClFLTVRnYlVFQ3ZiUVhpRW5wRDRUS3F0ZThUbU54YnpCMFIydlBGeHpmZTlCQWdNQkFBR2pJekFoTUE0R0ExVWQKRHdFQi93UUVBd0lDQkRBUEJnTlZIUk1CQWY4RUJUQURBUUgvTUEwR0NTcUdTSWIzRFFFQkN3VUFBNElCQVFDZApBSEViZjJ2SjJBTnZGU2V1anJ3Skw0NVA4SU1PaFhFeFl3ZXZSVk9VcEhLYzdqdFdvT1JsYUJCRStHMmxxMDJtClJWQ0lJdndmZFo5NDhkaUd6OGErTWtPMlZ1cTdWdnNBR2w2NHZ2SXJTUlRlUG9TbGY1SkhsNERLSERBQThWN2cKL1dCSGlTWEhITHQwdkVZdUNaOEN3ODNuMUNpYnEzbFJPa1g1WFJZN1JuV3NNZWFVQitoVWYrd3FIaEE0a0l5KworanZMbjBob1ozTXlNTm1rUzUwdWhQV0haZmJoK3paQmZFenZvak83eFVKYXZ1eXNpRlAyMU1ndThRNWR4QlJ3CkhRL1R5WmZvODhZN29tdGIvUnhXcWsrSTkwNHYxOU5zZUtlRjdNdkt6aUwzbFlSWmsvRjJ3M0MzdGNlcXUwM1IKQXhzellMTk5BUkg3ditlb1REaGgKLS0tLS1FTkQgQ0VSVElGSUNBVEUtLS0tLQo=",
                            "master_auth.0.password": "",
                            "master_auth.0.username": "",
                            "master_version": "1.12.7-gke.10",
                            "min_master_version": "1.12.7-gke.10",
                            "monitoring_service": "monitoring.googleapis.com",
                            "name": "api-playground-cluster",
                            "network": "api-playground-vpc",
                            "network_policy.#": "0",
                            "node_config.#": "1",
                            "node_config.0.disk_size_gb": "100",
                            "node_config.0.image_type": "COS",
                            "node_config.0.labels.%": "0",
                            "node_config.0.local_ssd_count": "0",
                            "node_config.0.machine_type": "g1-small",
                            "node_config.0.metadata.%": "1",
                            "node_config.0.metadata.disable-legacy-endpoints": "true",
                            "node_config.0.min_cpu_platform": "",
                            "node_config.0.oauth_scopes.#": "4",
                            "node_config.0.oauth_scopes.1277378754": "https://www.googleapis.com/auth/monitoring",
                            "node_config.0.oauth_scopes.1632638332": "https://www.googleapis.com/auth/devstorage.read_only",
                            "node_config.0.oauth_scopes.172152165": "https://www.googleapis.com/auth/logging.write",
                            "node_config.0.oauth_scopes.299962681": "https://www.googleapis.com/auth/compute",
                            "node_config.0.preemptible": "false",
                            "node_config.0.service_account": "default",
                            "node_config.0.tags.#": "1",
                            "node_config.0.tags.0": "api-playground",
                            "node_pool.#": "1",
                            "node_pool.0.autoscaling.#": "0",
                            "node_pool.0.initial_node_count": "1",
                            "node_pool.0.management.#": "1",
                            "node_pool.0.management.0.auto_repair": "false",
                            "node_pool.0.management.0.auto_upgrade": "false",
                            "node_pool.0.name": "default-pool",
                            "node_pool.0.name_prefix": "",
                            "node_pool.0.node_config.#": "1",
                            "node_pool.0.node_config.0.disk_size_gb": "100",
                            "node_pool.0.node_config.0.image_type": "COS",
                            "node_pool.0.node_config.0.labels.%": "0",
                            "node_pool.0.node_config.0.local_ssd_count": "0",
                            "node_pool.0.node_config.0.machine_type": "g1-small",
                            "node_pool.0.node_config.0.metadata.%": "1",
                            "node_pool.0.node_config.0.metadata.disable-legacy-endpoints": "true",
                            "node_pool.0.node_config.0.min_cpu_platform": "",
                            "node_pool.0.node_config.0.oauth_scopes.#": "4",
                            "node_pool.0.node_config.0.oauth_scopes.1277378754": "https://www.googleapis.com/auth/monitoring",
                            "node_pool.0.node_config.0.oauth_scopes.1632638332": "https://www.googleapis.com/auth/devstorage.read_only",
                            "node_pool.0.node_config.0.oauth_scopes.172152165": "https://www.googleapis.com/auth/logging.write",
                            "node_pool.0.node_config.0.oauth_scopes.299962681": "https://www.googleapis.com/auth/compute",
                            "node_pool.0.node_config.0.preemptible": "false",
                            "node_pool.0.node_config.0.service_account": "default",
                            "node_pool.0.node_config.0.tags.#": "1",
                            "node_pool.0.node_config.0.tags.0": "api-playground",
                            "node_pool.0.node_count": "1",
                            "node_version": "1.12.7-gke.10",
                            "project": "api-playground-238304",
                            "subnetwork": "api-playground-vpc",
                            "zone": "us-east1-d"
                        },
                        "meta": {
                            "e2bfb730-ecaa-11e6-8f88-34363bc7c4c0": {
                                "create": 1800000000000,
                                "delete": 600000000000,
                                "update": 600000000000
                            },
                            "schema_version": "1"
                        },
                        "tainted": false
                    },
                    "deposed": [],
                    "provider": "provider.google"
                }
            },
            "depends_on": []
        }
    ]
}
