{
    "version": 3,
    "terraform_version": "0.11.13",
    "serial": 10,
    "lineage": "80adb410-d43c-4bbe-f9a0-2c2e421ebfa1",
    "modules": [
        {
            "path": [
                "root"
            ],
            "outputs": {},
            "resources": {
                "google_compute_network.vpc": {
                    "type": "google_compute_network",
                    "depends_on": [
                        "local.vpc_name"
                    ],
                    "primary": {
                        "id": "api-playground-vpc",
                        "attributes": {
                            "auto_create_subnetworks": "true",
                            "gateway_ipv4": "",
                            "id": "api-playground-vpc",
                            "ipv4_range": "",
                            "name": "api-playground-vpc",
                            "project": "api-playground-238304",
                            "self_link": "https://www.googleapis.com/compute/v1/projects/api-playground-238304/global/networks/api-playground-vpc"
                        },
                        "meta": {},
                        "tainted": false
                    },
                    "deposed": [],
                    "provider": "provider.google"
                }
            },
            "depends_on": []
        }
    ]
}
